// !$*UTF8*$!
{
	archiveVersion = 1;
	classes = {
	};
	objectVersion = 46;
	objects = {

/* Begin PBXBuildFile section */
		95DF178C47D6B922CAEE08A2 /* Pods_FlicksUITests.framework in Frameworks */ = {isa = PBXBuildFile; fileRef = 3731701F081BA7C31E6E36B2 /* Pods_FlicksUITests.framework */; };
		C0DC7B264D63670CDAF64674 /* Pods_FlicksTests.framework in Frameworks */ = {isa = PBXBuildFile; fileRef = 4CFFEAA19715861B2D208484 /* Pods_FlicksTests.framework */; };
		C3C3541701EEA02C646A54A1 /* Pods_Flicks.framework in Frameworks */ = {isa = PBXBuildFile; fileRef = F89C57035B1D542F96369DDE /* Pods_Flicks.framework */; };
		DFF1E0A51F688C8C00CF099F /* AppDelegate.swift in Sources */ = {isa = PBXBuildFile; fileRef = DFF1E0A41F688C8C00CF099F /* AppDelegate.swift */; };
		DFF1E0A71F688C8C00CF099F /* ViewController.swift in Sources */ = {isa = PBXBuildFile; fileRef = DFF1E0A61F688C8C00CF099F /* ViewController.swift */; };
		DFF1E0AA1F688C8C00CF099F /* Main.storyboard in Resources */ = {isa = PBXBuildFile; fileRef = DFF1E0A81F688C8C00CF099F /* Main.storyboard */; };
		DFF1E0AC1F688C8C00CF099F /* Assets.xcassets in Resources */ = {isa = PBXBuildFile; fileRef = DFF1E0AB1F688C8C00CF099F /* Assets.xcassets */; };
		DFF1E0AF1F688C8C00CF099F /* LaunchScreen.storyboard in Resources */ = {isa = PBXBuildFile; fileRef = DFF1E0AD1F688C8C00CF099F /* LaunchScreen.storyboard */; };
		DFF1E0BA1F688C8C00CF099F /* FlicksTests.swift in Sources */ = {isa = PBXBuildFile; fileRef = DFF1E0B91F688C8C00CF099F /* FlicksTests.swift */; };
		DFF1E0C51F688C8C00CF099F /* FlicksUITests.swift in Sources */ = {isa = PBXBuildFile; fileRef = DFF1E0C41F688C8C00CF099F /* FlicksUITests.swift */; };
/* End PBXBuildFile section */

/* Begin PBXContainerItemProxy section */
		DFF1E0B61F688C8C00CF099F /* PBXContainerItemProxy */ = {
			isa = PBXContainerItemProxy;
			containerPortal = DFF1E0991F688C8C00CF099F /* Project object */;
			proxyType = 1;
			remoteGlobalIDString = DFF1E0A01F688C8C00CF099F;
			remoteInfo = Flicks;
		};
		DFF1E0C11F688C8C00CF099F /* PBXContainerItemProxy */ = {
			isa = PBXContainerItemProxy;
			containerPortal = DFF1E0991F688C8C00CF099F /* Project object */;
			proxyType = 1;
			remoteGlobalIDString = DFF1E0A01F688C8C00CF099F;
			remoteInfo = Flicks;
		};
/* End PBXContainerItemProxy section */

/* Begin PBXFileReference section */
		058B4039B6B572862B9FAEE1 /* Pods-FlicksUITests.release.xcconfig */ = {isa = PBXFileReference; includeInIndex = 1; lastKnownFileType = text.xcconfig; name = "Pods-FlicksUITests.release.xcconfig"; path = "Pods/Target Support Files/Pods-FlicksUITests/Pods-FlicksUITests.release.xcconfig"; sourceTree = "<group>"; };
		125C5B99A342EB4CA4764661 /* Pods-FlicksTests.debug.xcconfig */ = {isa = PBXFileReference; includeInIndex = 1; lastKnownFileType = text.xcconfig; name = "Pods-FlicksTests.debug.xcconfig"; path = "Pods/Target Support Files/Pods-FlicksTests/Pods-FlicksTests.debug.xcconfig"; sourceTree = "<group>"; };
		3731701F081BA7C31E6E36B2 /* Pods_FlicksUITests.framework */ = {isa = PBXFileReference; explicitFileType = wrapper.framework; includeInIndex = 0; path = Pods_FlicksUITests.framework; sourceTree = BUILT_PRODUCTS_DIR; };
		4AF2212192995AF729C3BC28 /* Pods-Flicks.release.xcconfig */ = {isa = PBXFileReference; includeInIndex = 1; lastKnownFileType = text.xcconfig; name = "Pods-Flicks.release.xcconfig"; path = "Pods/Target Support Files/Pods-Flicks/Pods-Flicks.release.xcconfig"; sourceTree = "<group>"; };
		4CFFEAA19715861B2D208484 /* Pods_FlicksTests.framework */ = {isa = PBXFileReference; explicitFileType = wrapper.framework; includeInIndex = 0; path = Pods_FlicksTests.framework; sourceTree = BUILT_PRODUCTS_DIR; };
		CB8EA184712C4251FFFE1C2E /* Pods-FlicksUITests.debug.xcconfig */ = {isa = PBXFileReference; includeInIndex = 1; lastKnownFileType = text.xcconfig; name = "Pods-FlicksUITests.debug.xcconfig"; path = "Pods/Target Support Files/Pods-FlicksUITests/Pods-FlicksUITests.debug.xcconfig"; sourceTree = "<group>"; };
		DFF1E0A11F688C8C00CF099F /* Flicks.app */ = {isa = PBXFileReference; explicitFileType = wrapper.application; includeInIndex = 0; path = Flicks.app; sourceTree = BUILT_PRODUCTS_DIR; };
		DFF1E0A41F688C8C00CF099F /* AppDelegate.swift */ = {isa = PBXFileReference; lastKnownFileType = sourcecode.swift; path = AppDelegate.swift; sourceTree = "<group>"; };
		DFF1E0A61F688C8C00CF099F /* ViewController.swift */ = {isa = PBXFileReference; lastKnownFileType = sourcecode.swift; path = ViewController.swift; sourceTree = "<group>"; };
		DFF1E0A91F688C8C00CF099F /* Base */ = {isa = PBXFileReference; lastKnownFileType = file.storyboard; name = Base; path = Base.lproj/Main.storyboard; sourceTree = "<group>"; };
		DFF1E0AB1F688C8C00CF099F /* Assets.xcassets */ = {isa = PBXFileReference; lastKnownFileType = folder.assetcatalog; path = Assets.xcassets; sourceTree = "<group>"; };
		DFF1E0AE1F688C8C00CF099F /* Base */ = {isa = PBXFileReference; lastKnownFileType = file.storyboard; name = Base; path = Base.lproj/LaunchScreen.storyboard; sourceTree = "<group>"; };
		DFF1E0B01F688C8C00CF099F /* Info.plist */ = {isa = PBXFileReference; lastKnownFileType = text.plist.xml; path = Info.plist; sourceTree = "<group>"; };
		DFF1E0B51F688C8C00CF099F /* FlicksTests.xctest */ = {isa = PBXFileReference; explicitFileType = wrapper.cfbundle; includeInIndex = 0; path = FlicksTests.xctest; sourceTree = BUILT_PRODUCTS_DIR; };
		DFF1E0B91F688C8C00CF099F /* FlicksTests.swift */ = {isa = PBXFileReference; lastKnownFileType = sourcecode.swift; path = FlicksTests.swift; sourceTree = "<group>"; };
		DFF1E0BB1F688C8C00CF099F /* Info.plist */ = {isa = PBXFileReference; lastKnownFileType = text.plist.xml; path = Info.plist; sourceTree = "<group>"; };
		DFF1E0C01F688C8C00CF099F /* FlicksUITests.xctest */ = {isa = PBXFileReference; explicitFileType = wrapper.cfbundle; includeInIndex = 0; path = FlicksUITests.xctest; sourceTree = BUILT_PRODUCTS_DIR; };
		DFF1E0C41F688C8C00CF099F /* FlicksUITests.swift */ = {isa = PBXFileReference; lastKnownFileType = sourcecode.swift; path = FlicksUITests.swift; sourceTree = "<group>"; };
		DFF1E0C61F688C8C00CF099F /* Info.plist */ = {isa = PBXFileReference; lastKnownFileType = text.plist.xml; path = Info.plist; sourceTree = "<group>"; };
		EC939500B9ECE4EB7D98C458 /* Pods-Flicks.debug.xcconfig */ = {isa = PBXFileReference; includeInIndex = 1; lastKnownFileType = text.xcconfig; name = "Pods-Flicks.debug.xcconfig"; path = "Pods/Target Support Files/Pods-Flicks/Pods-Flicks.debug.xcconfig"; sourceTree = "<group>"; };
		F15B2E99221B3334A58F850C /* Pods-FlicksTests.release.xcconfig */ = {isa = PBXFileReference; includeInIndex = 1; lastKnownFileType = text.xcconfig; name = "Pods-FlicksTests.release.xcconfig"; path = "Pods/Target Support Files/Pods-FlicksTests/Pods-FlicksTests.release.xcconfig"; sourceTree = "<group>"; };
		F89C57035B1D542F96369DDE /* Pods_Flicks.framework */ = {isa = PBXFileReference; explicitFileType = wrapper.framework; includeInIndex = 0; path = Pods_Flicks.framework; sourceTree = BUILT_PRODUCTS_DIR; };
/* End PBXFileReference section */

/* Begin PBXFrameworksBuildPhase section */
		DFF1E09E1F688C8C00CF099F /* Frameworks */ = {
			isa = PBXFrameworksBuildPhase;
			buildActionMask = 2147483647;
			files = (
				C3C3541701EEA02C646A54A1 /* Pods_Flicks.framework in Frameworks */,
			);
			runOnlyForDeploymentPostprocessing = 0;
		};
		DFF1E0B21F688C8C00CF099F /* Frameworks */ = {
			isa = PBXFrameworksBuildPhase;
			buildActionMask = 2147483647;
			files = (
				C0DC7B264D63670CDAF64674 /* Pods_FlicksTests.framework in Frameworks */,
			);
			runOnlyForDeploymentPostprocessing = 0;
		};
		DFF1E0BD1F688C8C00CF099F /* Frameworks */ = {
			isa = PBXFrameworksBuildPhase;
			buildActionMask = 2147483647;
			files = (
				95DF178C47D6B922CAEE08A2 /* Pods_FlicksUITests.framework in Frameworks */,
			);
			runOnlyForDeploymentPostprocessing = 0;
		};
/* End PBXFrameworksBuildPhase section */

/* Begin PBXGroup section */
		3969DB96418FF858BD6DB726 /* Pods */ = {
			isa = PBXGroup;
			children = (
				EC939500B9ECE4EB7D98C458 /* Pods-Flicks.debug.xcconfig */,
				4AF2212192995AF729C3BC28 /* Pods-Flicks.release.xcconfig */,
				125C5B99A342EB4CA4764661 /* Pods-FlicksTests.debug.xcconfig */,
				F15B2E99221B3334A58F850C /* Pods-FlicksTests.release.xcconfig */,
				CB8EA184712C4251FFFE1C2E /* Pods-FlicksUITests.debug.xcconfig */,
				058B4039B6B572862B9FAEE1 /* Pods-FlicksUITests.release.xcconfig */,
			);
			name = Pods;
			sourceTree = "<group>";
		};
		8439DC94E82778D978A9C683 /* Frameworks */ = {
			isa = PBXGroup;
			children = (
				F89C57035B1D542F96369DDE /* Pods_Flicks.framework */,
				4CFFEAA19715861B2D208484 /* Pods_FlicksTests.framework */,
				3731701F081BA7C31E6E36B2 /* Pods_FlicksUITests.framework */,
			);
			name = Frameworks;
			sourceTree = "<group>";
		};
		DFF1E0981F688C8C00CF099F = {
			isa = PBXGroup;
			children = (
				DFF1E0A31F688C8C00CF099F /* Flicks */,
				DFF1E0B81F688C8C00CF099F /* FlicksTests */,
				DFF1E0C31F688C8C00CF099F /* FlicksUITests */,
				DFF1E0A21F688C8C00CF099F /* Products */,
				3969DB96418FF858BD6DB726 /* Pods */,
				8439DC94E82778D978A9C683 /* Frameworks */,
			);
			sourceTree = "<group>";
		};
		DFF1E0A21F688C8C00CF099F /* Products */ = {
			isa = PBXGroup;
			children = (
				DFF1E0A11F688C8C00CF099F /* Flicks.app */,
				DFF1E0B51F688C8C00CF099F /* FlicksTests.xctest */,
				DFF1E0C01F688C8C00CF099F /* FlicksUITests.xctest */,
			);
			name = Products;
			sourceTree = "<group>";
		};
		DFF1E0A31F688C8C00CF099F /* Flicks */ = {
			isa = PBXGroup;
			children = (
				DFF1E0A41F688C8C00CF099F /* AppDelegate.swift */,
				DFF1E0A61F688C8C00CF099F /* ViewController.swift */,
				DFF1E0A81F688C8C00CF099F /* Main.storyboard */,
				DFF1E0AB1F688C8C00CF099F /* Assets.xcassets */,
				DFF1E0AD1F688C8C00CF099F /* LaunchScreen.storyboard */,
				DFF1E0B01F688C8C00CF099F /* Info.plist */,
			);
			path = Flicks;
			sourceTree = "<group>";
		};
		DFF1E0B81F688C8C00CF099F /* FlicksTests */ = {
			isa = PBXGroup;
			children = (
				DFF1E0B91F688C8C00CF099F /* FlicksTests.swift */,
				DFF1E0BB1F688C8C00CF099F /* Info.plist */,
			);
			path = FlicksTests;
			sourceTree = "<group>";
		};
		DFF1E0C31F688C8C00CF099F /* FlicksUITests */ = {
			isa = PBXGroup;
			children = (
				DFF1E0C41F688C8C00CF099F /* FlicksUITests.swift */,
				DFF1E0C61F688C8C00CF099F /* Info.plist */,
			);
			path = FlicksUITests;
			sourceTree = "<group>";
		};
/* End PBXGroup section */

/* Begin PBXNativeTarget section */
		DFF1E0A01F688C8C00CF099F /* Flicks */ = {
			isa = PBXNativeTarget;
			buildConfigurationList = DFF1E0C91F688C8C00CF099F /* Build configuration list for PBXNativeTarget "Flicks" */;
			buildPhases = (
				C130616632F2021634FE5AF2 /* [CP] Check Pods Manifest.lock */,
				DFF1E09D1F688C8C00CF099F /* Sources */,
				DFF1E09E1F688C8C00CF099F /* Frameworks */,
				DFF1E09F1F688C8C00CF099F /* Resources */,
				D28E8F0673CF561C1B8DE9C9 /* [CP] Embed Pods Frameworks */,
				0398528D279EE4FDA6C406EB /* [CP] Copy Pods Resources */,
			);
			buildRules = (
			);
			dependencies = (
			);
			name = Flicks;
			productName = Flicks;
			productReference = DFF1E0A11F688C8C00CF099F /* Flicks.app */;
			productType = "com.apple.product-type.application";
		};
		DFF1E0B41F688C8C00CF099F /* FlicksTests */ = {
			isa = PBXNativeTarget;
			buildConfigurationList = DFF1E0CC1F688C8C00CF099F /* Build configuration list for PBXNativeTarget "FlicksTests" */;
			buildPhases = (
				CEBB9F0D7B3C007DFE3AB805 /* [CP] Check Pods Manifest.lock */,
				DFF1E0B11F688C8C00CF099F /* Sources */,
				DFF1E0B21F688C8C00CF099F /* Frameworks */,
				DFF1E0B31F688C8C00CF099F /* Resources */,
				6395FACE7BCF38C0E4A74C82 /* [CP] Embed Pods Frameworks */,
				B005F8EC5B55AB03A40C45C7 /* [CP] Copy Pods Resources */,
			);
			buildRules = (
			);
			dependencies = (
				DFF1E0B71F688C8C00CF099F /* PBXTargetDependency */,
			);
			name = FlicksTests;
			productName = FlicksTests;
			productReference = DFF1E0B51F688C8C00CF099F /* FlicksTests.xctest */;
			productType = "com.apple.product-type.bundle.unit-test";
		};
		DFF1E0BF1F688C8C00CF099F /* FlicksUITests */ = {
			isa = PBXNativeTarget;
			buildConfigurationList = DFF1E0CF1F688C8C00CF099F /* Build configuration list for PBXNativeTarget "FlicksUITests" */;
			buildPhases = (
				4ACA9FE4B95C099B46B65BCB /* [CP] Check Pods Manifest.lock */,
				DFF1E0BC1F688C8C00CF099F /* Sources */,
				DFF1E0BD1F688C8C00CF099F /* Frameworks */,
				DFF1E0BE1F688C8C00CF099F /* Resources */,
				4C4F291C5AEDFB58D84D3C83 /* [CP] Embed Pods Frameworks */,
				E96B526347AF05B984B1B372 /* [CP] Copy Pods Resources */,
			);
			buildRules = (
			);
			dependencies = (
				DFF1E0C21F688C8C00CF099F /* PBXTargetDependency */,
			);
			name = FlicksUITests;
			productName = FlicksUITests;
			productReference = DFF1E0C01F688C8C00CF099F /* FlicksUITests.xctest */;
			productType = "com.apple.product-type.bundle.ui-testing";
		};
/* End PBXNativeTarget section */

/* Begin PBXProject section */
		DFF1E0991F688C8C00CF099F /* Project object */ = {
			isa = PBXProject;
			attributes = {
				LastSwiftUpdateCheck = 0830;
				LastUpgradeCheck = 0830;
				ORGANIZATIONNAME = "Diana Fisher";
				TargetAttributes = {
					DFF1E0A01F688C8C00CF099F = {
						CreatedOnToolsVersion = 8.3.3;
						DevelopmentTeam = 8F2PWFTJG8;
						ProvisioningStyle = Automatic;
					};
					DFF1E0B41F688C8C00CF099F = {
						CreatedOnToolsVersion = 8.3.3;
						DevelopmentTeam = 8F2PWFTJG8;
						ProvisioningStyle = Automatic;
						TestTargetID = DFF1E0A01F688C8C00CF099F;
					};
					DFF1E0BF1F688C8C00CF099F = {
						CreatedOnToolsVersion = 8.3.3;
						DevelopmentTeam = 8F2PWFTJG8;
						ProvisioningStyle = Automatic;
						TestTargetID = DFF1E0A01F688C8C00CF099F;
					};
				};
			};
			buildConfigurationList = DFF1E09C1F688C8C00CF099F /* Build configuration list for PBXProject "Flicks" */;
			compatibilityVersion = "Xcode 3.2";
			developmentRegion = English;
			hasScannedForEncodings = 0;
			knownRegions = (
				en,
				Base,
			);
			mainGroup = DFF1E0981F688C8C00CF099F;
			productRefGroup = DFF1E0A21F688C8C00CF099F /* Products */;
			projectDirPath = "";
			projectRoot = "";
			targets = (
				DFF1E0A01F688C8C00CF099F /* Flicks */,
				DFF1E0B41F688C8C00CF099F /* FlicksTests */,
				DFF1E0BF1F688C8C00CF099F /* FlicksUITests */,
			);
		};
/* End PBXProject section */

/* Begin PBXResourcesBuildPhase section */
		DFF1E09F1F688C8C00CF099F /* Resources */ = {
			isa = PBXResourcesBuildPhase;
			buildActionMask = 2147483647;
			files = (
				DFF1E0AF1F688C8C00CF099F /* LaunchScreen.storyboard in Resources */,
				DFF1E0AC1F688C8C00CF099F /* Assets.xcassets in Resources */,
				DFF1E0AA1F688C8C00CF099F /* Main.storyboard in Resources */,
			);
			runOnlyForDeploymentPostprocessing = 0;
		};
		DFF1E0B31F688C8C00CF099F /* Resources */ = {
			isa = PBXResourcesBuildPhase;
			buildActionMask = 2147483647;
			files = (
			);
			runOnlyForDeploymentPostprocessing = 0;
		};
		DFF1E0BE1F688C8C00CF099F /* Resources */ = {
			isa = PBXResourcesBuildPhase;
			buildActionMask = 2147483647;
			files = (
			);
			runOnlyForDeploymentPostprocessing = 0;
		};
/* End PBXResourcesBuildPhase section */

/* Begin PBXShellScriptBuildPhase section */
		0398528D279EE4FDA6C406EB /* [CP] Copy Pods Resources */ = {
			isa = PBXShellScriptBuildPhase;
			buildActionMask = 2147483647;
			files = (
			);
			inputPaths = (
			);
			name = "[CP] Copy Pods Resources";
			outputPaths = (
			);
			runOnlyForDeploymentPostprocessing = 0;
			shellPath = /bin/sh;
			shellScript = "\"${SRCROOT}/Pods/Target Support Files/Pods-Flicks/Pods-Flicks-resources.sh\"\n";
			showEnvVarsInLog = 0;
		};
		4ACA9FE4B95C099B46B65BCB /* [CP] Check Pods Manifest.lock */ = {
			isa = PBXShellScriptBuildPhase;
			buildActionMask = 2147483647;
			files = (
			);
			inputPaths = (
				"${PODS_PODFILE_DIR_PATH}/Podfile.lock",
				"${PODS_ROOT}/Manifest.lock",
			);
			name = "[CP] Check Pods Manifest.lock";
			outputPaths = (
				"$(DERIVED_FILE_DIR)/Pods-FlicksUITests-checkManifestLockResult.txt",
			);
			runOnlyForDeploymentPostprocessing = 0;
			shellPath = /bin/sh;
			shellScript = "diff \"${PODS_PODFILE_DIR_PATH}/Podfile.lock\" \"${PODS_ROOT}/Manifest.lock\" > /dev/null\nif [ $? != 0 ] ; then\n    # print error to STDERR\n    echo \"error: The sandbox is not in sync with the Podfile.lock. Run 'pod install' or update your CocoaPods installation.\" >&2\n    exit 1\nfi\n# This output is used by Xcode 'outputs' to avoid re-running this script phase.\necho \"SUCCESS\" > \"${SCRIPT_OUTPUT_FILE_0}\"\n";
			showEnvVarsInLog = 0;
		};
		4C4F291C5AEDFB58D84D3C83 /* [CP] Embed Pods Frameworks */ = {
			isa = PBXShellScriptBuildPhase;
			buildActionMask = 2147483647;
			files = (
			);
			inputPaths = (
			);
			name = "[CP] Embed Pods Frameworks";
			outputPaths = (
			);
			runOnlyForDeploymentPostprocessing = 0;
			shellPath = /bin/sh;
			shellScript = "\"${SRCROOT}/Pods/Target Support Files/Pods-FlicksUITests/Pods-FlicksUITests-frameworks.sh\"\n";
			showEnvVarsInLog = 0;
		};
		6395FACE7BCF38C0E4A74C82 /* [CP] Embed Pods Frameworks */ = {
			isa = PBXShellScriptBuildPhase;
			buildActionMask = 2147483647;
			files = (
			);
			inputPaths = (
			);
			name = "[CP] Embed Pods Frameworks";
			outputPaths = (
			);
			runOnlyForDeploymentPostprocessing = 0;
			shellPath = /bin/sh;
			shellScript = "\"${SRCROOT}/Pods/Target Support Files/Pods-FlicksTests/Pods-FlicksTests-frameworks.sh\"\n";
			showEnvVarsInLog = 0;
		};
		B005F8EC5B55AB03A40C45C7 /* [CP] Copy Pods Resources */ = {
			isa = PBXShellScriptBuildPhase;
			buildActionMask = 2147483647;
			files = (
			);
			inputPaths = (
			);
			name = "[CP] Copy Pods Resources";
			outputPaths = (
			);
			runOnlyForDeploymentPostprocessing = 0;
			shellPath = /bin/sh;
			shellScript = "\"${SRCROOT}/Pods/Target Support Files/Pods-FlicksTests/Pods-FlicksTests-resources.sh\"\n";
			showEnvVarsInLog = 0;
		};
		C130616632F2021634FE5AF2 /* [CP] Check Pods Manifest.lock */ = {
			isa = PBXShellScriptBuildPhase;
			buildActionMask = 2147483647;
			files = (
			);
			inputPaths = (
				"${PODS_PODFILE_DIR_PATH}/Podfile.lock",
				"${PODS_ROOT}/Manifest.lock",
			);
			name = "[CP] Check Pods Manifest.lock";
			outputPaths = (
				"$(DERIVED_FILE_DIR)/Pods-Flicks-checkManifestLockResult.txt",
			);
			runOnlyForDeploymentPostprocessing = 0;
			shellPath = /bin/sh;
			shellScript = "diff \"${PODS_PODFILE_DIR_PATH}/Podfile.lock\" \"${PODS_ROOT}/Manifest.lock\" > /dev/null\nif [ $? != 0 ] ; then\n    # print error to STDERR\n    echo \"error: The sandbox is not in sync with the Podfile.lock. Run 'pod install' or update your CocoaPods installation.\" >&2\n    exit 1\nfi\n# This output is used by Xcode 'outputs' to avoid re-running this script phase.\necho \"SUCCESS\" > \"${SCRIPT_OUTPUT_FILE_0}\"\n";
			showEnvVarsInLog = 0;
		};
		CEBB9F0D7B3C007DFE3AB805 /* [CP] Check Pods Manifest.lock */ = {
			isa = PBXShellScriptBuildPhase;
			buildActionMask = 2147483647;
			files = (
			);
			inputPaths = (
				"${PODS_PODFILE_DIR_PATH}/Podfile.lock",
				"${PODS_ROOT}/Manifest.lock",
			);
			name = "[CP] Check Pods Manifest.lock";
			outputPaths = (
				"$(DERIVED_FILE_DIR)/Pods-FlicksTests-checkManifestLockResult.txt",
			);
			runOnlyForDeploymentPostprocessing = 0;
			shellPath = /bin/sh;
			shellScript = "diff \"${PODS_PODFILE_DIR_PATH}/Podfile.lock\" \"${PODS_ROOT}/Manifest.lock\" > /dev/null\nif [ $? != 0 ] ; then\n    # print error to STDERR\n    echo \"error: The sandbox is not in sync with the Podfile.lock. Run 'pod install' or update your CocoaPods installation.\" >&2\n    exit 1\nfi\n# This output is used by Xcode 'outputs' to avoid re-running this script phase.\necho \"SUCCESS\" > \"${SCRIPT_OUTPUT_FILE_0}\"\n";
			showEnvVarsInLog = 0;
		};
		D28E8F0673CF561C1B8DE9C9 /* [CP] Embed Pods Frameworks */ = {
			isa = PBXShellScriptBuildPhase;
			buildActionMask = 2147483647;
			files = (
			);
			inputPaths = (
				"${SRCROOT}/Pods/Target Support Files/Pods-Flicks/Pods-Flicks-frameworks.sh",
				"${BUILT_PRODUCTS_DIR}/AFNetworking/AFNetworking.framework",
			);
			name = "[CP] Embed Pods Frameworks";
			outputPaths = (
				"${TARGET_BUILD_DIR}/${FRAMEWORKS_FOLDER_PATH}/AFNetworking.framework",
			);
			runOnlyForDeploymentPostprocessing = 0;
			shellPath = /bin/sh;
			shellScript = "\"${SRCROOT}/Pods/Target Support Files/Pods-Flicks/Pods-Flicks-frameworks.sh\"\n";
			showEnvVarsInLog = 0;
		};
		E96B526347AF05B984B1B372 /* [CP] Copy Pods Resources */ = {
			isa = PBXShellScriptBuildPhase;
			buildActionMask = 2147483647;
			files = (
			);
			inputPaths = (
			);
			name = "[CP] Copy Pods Resources";
			outputPaths = (
			);
			runOnlyForDeploymentPostprocessing = 0;
			shellPath = /bin/sh;
			shellScript = "\"${SRCROOT}/Pods/Target Support Files/Pods-FlicksUITests/Pods-FlicksUITests-resources.sh\"\n";
			showEnvVarsInLog = 0;
		};
/* End PBXShellScriptBuildPhase section */

/* Begin PBXSourcesBuildPhase section */
		DFF1E09D1F688C8C00CF099F /* Sources */ = {
			isa = PBXSourcesBuildPhase;
			buildActionMask = 2147483647;
			files = (
				DFF1E0A71F688C8C00CF099F /* ViewController.swift in Sources */,
				DFF1E0A51F688C8C00CF099F /* AppDelegate.swift in Sources */,
			);
			runOnlyForDeploymentPostprocessing = 0;
		};
		DFF1E0B11F688C8C00CF099F /* Sources */ = {
			isa = PBXSourcesBuildPhase;
			buildActionMask = 2147483647;
			files = (
				DFF1E0BA1F688C8C00CF099F /* FlicksTests.swift in Sources */,
			);
			runOnlyForDeploymentPostprocessing = 0;
		};
		DFF1E0BC1F688C8C00CF099F /* Sources */ = {
			isa = PBXSourcesBuildPhase;
			buildActionMask = 2147483647;
			files = (
				DFF1E0C51F688C8C00CF099F /* FlicksUITests.swift in Sources */,
			);
			runOnlyForDeploymentPostprocessing = 0;
		};
/* End PBXSourcesBuildPhase section */

/* Begin PBXTargetDependency section */
		DFF1E0B71F688C8C00CF099F /* PBXTargetDependency */ = {
			isa = PBXTargetDependency;
			target = DFF1E0A01F688C8C00CF099F /* Flicks */;
			targetProxy = DFF1E0B61F688C8C00CF099F /* PBXContainerItemProxy */;
		};
		DFF1E0C21F688C8C00CF099F /* PBXTargetDependency */ = {
			isa = PBXTargetDependency;
			target = DFF1E0A01F688C8C00CF099F /* Flicks */;
			targetProxy = DFF1E0C11F688C8C00CF099F /* PBXContainerItemProxy */;
		};
/* End PBXTargetDependency section */

/* Begin PBXVariantGroup section */
		DFF1E0A81F688C8C00CF099F /* Main.storyboard */ = {
			isa = PBXVariantGroup;
			children = (
				DFF1E0A91F688C8C00CF099F /* Base */,
			);
			name = Main.storyboard;
			sourceTree = "<group>";
		};
		DFF1E0AD1F688C8C00CF099F /* LaunchScreen.storyboard */ = {
			isa = PBXVariantGroup;
			children = (
				DFF1E0AE1F688C8C00CF099F /* Base */,
			);
			name = LaunchScreen.storyboard;
			sourceTree = "<group>";
		};
/* End PBXVariantGroup section */

/* Begin XCBuildConfiguration section */
		DFF1E0C71F688C8C00CF099F /* Debug */ = {
			isa = XCBuildConfiguration;
			buildSettings = {
				ALWAYS_SEARCH_USER_PATHS = NO;
				CLANG_ANALYZER_NONNULL = YES;
				CLANG_ANALYZER_NUMBER_OBJECT_CONVERSION = YES_AGGRESSIVE;
				CLANG_CXX_LANGUAGE_STANDARD = "gnu++0x";
				CLANG_CXX_LIBRARY = "libc++";
				CLANG_ENABLE_MODULES = YES;
				CLANG_ENABLE_OBJC_ARC = YES;
				CLANG_WARN_BOOL_CONVERSION = YES;
				CLANG_WARN_CONSTANT_CONVERSION = YES;
				CLANG_WARN_DIRECT_OBJC_ISA_USAGE = YES_ERROR;
				CLANG_WARN_DOCUMENTATION_COMMENTS = YES;
				CLANG_WARN_EMPTY_BODY = YES;
				CLANG_WARN_ENUM_CONVERSION = YES;
				CLANG_WARN_INFINITE_RECURSION = YES;
				CLANG_WARN_INT_CONVERSION = YES;
				CLANG_WARN_OBJC_ROOT_CLASS = YES_ERROR;
				CLANG_WARN_SUSPICIOUS_MOVE = YES;
				CLANG_WARN_UNREACHABLE_CODE = YES;
				CLANG_WARN__DUPLICATE_METHOD_MATCH = YES;
				"CODE_SIGN_IDENTITY[sdk=iphoneos*]" = "iPhone Developer";
				COPY_PHASE_STRIP = NO;
				DEBUG_INFORMATION_FORMAT = dwarf;
				ENABLE_STRICT_OBJC_MSGSEND = YES;
				ENABLE_TESTABILITY = YES;
				GCC_C_LANGUAGE_STANDARD = gnu99;
				GCC_DYNAMIC_NO_PIC = NO;
				GCC_NO_COMMON_BLOCKS = YES;
				GCC_OPTIMIZATION_LEVEL = 0;
				GCC_PREPROCESSOR_DEFINITIONS = (
					"DEBUG=1",
					"$(inherited)",
				);
				GCC_WARN_64_TO_32_BIT_CONVERSION = YES;
				GCC_WARN_ABOUT_RETURN_TYPE = YES_ERROR;
				GCC_WARN_UNDECLARED_SELECTOR = YES;
				GCC_WARN_UNINITIALIZED_AUTOS = YES_AGGRESSIVE;
				GCC_WARN_UNUSED_FUNCTION = YES;
				GCC_WARN_UNUSED_VARIABLE = YES;
				IPHONEOS_DEPLOYMENT_TARGET = 10.3;
				MTL_ENABLE_DEBUG_INFO = YES;
				ONLY_ACTIVE_ARCH = YES;
				SDKROOT = iphoneos;
				SWIFT_ACTIVE_COMPILATION_CONDITIONS = DEBUG;
				SWIFT_OPTIMIZATION_LEVEL = "-Onone";
			};
			name = Debug;
		};
		DFF1E0C81F688C8C00CF099F /* Release */ = {
			isa = XCBuildConfiguration;
			buildSettings = {
				ALWAYS_SEARCH_USER_PATHS = NO;
				CLANG_ANALYZER_NONNULL = YES;
				CLANG_ANALYZER_NUMBER_OBJECT_CONVERSION = YES_AGGRESSIVE;
				CLANG_CXX_LANGUAGE_STANDARD = "gnu++0x";
				CLANG_CXX_LIBRARY = "libc++";
				CLANG_ENABLE_MODULES = YES;
				CLANG_ENABLE_OBJC_ARC = YES;
				CLANG_WARN_BOOL_CONVERSION = YES;
				CLANG_WARN_CONSTANT_CONVERSION = YES;
				CLANG_WARN_DIRECT_OBJC_ISA_USAGE = YES_ERROR;
				CLANG_WARN_DOCUMENTATION_COMMENTS = YES;
				CLANG_WARN_EMPTY_BODY = YES;
				CLANG_WARN_ENUM_CONVERSION = YES;
				CLANG_WARN_INFINITE_RECURSION = YES;
				CLANG_WARN_INT_CONVERSION = YES;
				CLANG_WARN_OBJC_ROOT_CLASS = YES_ERROR;
				CLANG_WARN_SUSPICIOUS_MOVE = YES;
				CLANG_WARN_UNREACHABLE_CODE = YES;
				CLANG_WARN__DUPLICATE_METHOD_MATCH = YES;
				"CODE_SIGN_IDENTITY[sdk=iphoneos*]" = "iPhone Developer";
				COPY_PHASE_STRIP = NO;
				DEBUG_INFORMATION_FORMAT = "dwarf-with-dsym";
				ENABLE_NS_ASSERTIONS = NO;
				ENABLE_STRICT_OBJC_MSGSEND = YES;
				GCC_C_LANGUAGE_STANDARD = gnu99;
				GCC_NO_COMMON_BLOCKS = YES;
				GCC_WARN_64_TO_32_BIT_CONVERSION = YES;
				GCC_WARN_ABOUT_RETURN_TYPE = YES_ERROR;
				GCC_WARN_UNDECLARED_SELECTOR = YES;
				GCC_WARN_UNINITIALIZED_AUTOS = YES_AGGRESSIVE;
				GCC_WARN_UNUSED_FUNCTION = YES;
				GCC_WARN_UNUSED_VARIABLE = YES;
				IPHONEOS_DEPLOYMENT_TARGET = 10.3;
				MTL_ENABLE_DEBUG_INFO = NO;
				SDKROOT = iphoneos;
				SWIFT_OPTIMIZATION_LEVEL = "-Owholemodule";
				VALIDATE_PRODUCT = YES;
			};
			name = Release;
		};
		DFF1E0CA1F688C8C00CF099F /* Debug */ = {
			isa = XCBuildConfiguration;
			baseConfigurationReference = EC939500B9ECE4EB7D98C458 /* Pods-Flicks.debug.xcconfig */;
			buildSettings = {
				ASSETCATALOG_COMPILER_APPICON_NAME = AppIcon;
				DEVELOPMENT_TEAM = 8F2PWFTJG8;
				INFOPLIST_FILE = Flicks/Info.plist;
				LD_RUNPATH_SEARCH_PATHS = "$(inherited) @executable_path/Frameworks";
				PRODUCT_BUNDLE_IDENTIFIER = "com.diana-fisher.Flicks";
				PRODUCT_NAME = "$(TARGET_NAME)";
				SWIFT_VERSION = 3.0;
			};
			name = Debug;
		};
		DFF1E0CB1F688C8C00CF099F /* Release */ = {
			isa = XCBuildConfiguration;
			baseConfigurationReference = 4AF2212192995AF729C3BC28 /* Pods-Flicks.release.xcconfig */;
			buildSettings = {
				ASSETCATALOG_COMPILER_APPICON_NAME = AppIcon;
				DEVELOPMENT_TEAM = 8F2PWFTJG8;
				INFOPLIST_FILE = Flicks/Info.plist;
				LD_RUNPATH_SEARCH_PATHS = "$(inherited) @executable_path/Frameworks";
				PRODUCT_BUNDLE_IDENTIFIER = "com.diana-fisher.Flicks";
				PRODUCT_NAME = "$(TARGET_NAME)";
				SWIFT_VERSION = 3.0;
			};
			name = Release;
		};
		DFF1E0CD1F688C8C00CF099F /* Debug */ = {
			isa = XCBuildConfiguration;
			baseConfigurationReference = 125C5B99A342EB4CA4764661 /* Pods-FlicksTests.debug.xcconfig */;
			buildSettings = {
				ALWAYS_EMBED_SWIFT_STANDARD_LIBRARIES = YES;
				BUNDLE_LOADER = "$(TEST_HOST)";
				DEVELOPMENT_TEAM = 8F2PWFTJG8;
				INFOPLIST_FILE = FlicksTests/Info.plist;
				LD_RUNPATH_SEARCH_PATHS = "$(inherited) @executable_path/Frameworks @loader_path/Frameworks";
				PRODUCT_BUNDLE_IDENTIFIER = "com.diana-fisher.FlicksTests";
				PRODUCT_NAME = "$(TARGET_NAME)";
				SWIFT_VERSION = 3.0;
				TEST_HOST = "$(BUILT_PRODUCTS_DIR)/Flicks.app/Flicks";
			};
			name = Debug;
		};
		DFF1E0CE1F688C8C00CF099F /* Release */ = {
			isa = XCBuildConfiguration;
			baseConfigurationReference = F15B2E99221B3334A58F850C /* Pods-FlicksTests.release.xcconfig */;
			buildSettings = {
				ALWAYS_EMBED_SWIFT_STANDARD_LIBRARIES = YES;
				BUNDLE_LOADER = "$(TEST_HOST)";
				DEVELOPMENT_TEAM = 8F2PWFTJG8;
				INFOPLIST_FILE = FlicksTests/Info.plist;
				LD_RUNPATH_SEARCH_PATHS = "$(inherited) @executable_path/Frameworks @loader_path/Frameworks";
				PRODUCT_BUNDLE_IDENTIFIER = "com.diana-fisher.FlicksTests";
				PRODUCT_NAME = "$(TARGET_NAME)";
				SWIFT_VERSION = 3.0;
				TEST_HOST = "$(BUILT_PRODUCTS_DIR)/Flicks.app/Flicks";
			};
			name = Release;
		};
		DFF1E0D01F688C8C00CF099F /* Debug */ = {
			isa = XCBuildConfiguration;
			baseConfigurationReference = CB8EA184712C4251FFFE1C2E /* Pods-FlicksUITests.debug.xcconfig */;
			buildSettings = {
				ALWAYS_EMBED_SWIFT_STANDARD_LIBRARIES = YES;
				DEVELOPMENT_TEAM = 8F2PWFTJG8;
				INFOPLIST_FILE = FlicksUITests/Info.plist;
				LD_RUNPATH_SEARCH_PATHS = "$(inherited) @executable_path/Frameworks @loader_path/Frameworks";
				PRODUCT_BUNDLE_IDENTIFIER = "com.diana-fisher.FlicksUITests";
				PRODUCT_NAME = "$(TARGET_NAME)";
				SWIFT_VERSION = 3.0;
				TEST_TARGET_NAME = Flicks;
			};
			name = Debug;
		};
		DFF1E0D11F688C8C00CF099F /* Release */ = {
			isa = XCBuildConfiguration;
			baseConfigurationReference = 058B4039B6B572862B9FAEE1 /* Pods-FlicksUITests.release.xcconfig */;
			buildSettings = {
				ALWAYS_EMBED_SWIFT_STANDARD_LIBRARIES = YES;
				DEVELOPMENT_TEAM = 8F2PWFTJG8;
				INFOPLIST_FILE = FlicksUITests/Info.plist;
				LD_RUNPATH_SEARCH_PATHS = "$(inherited) @executable_path/Frameworks @loader_path/Frameworks";
				PRODUCT_BUNDLE_IDENTIFIER = "com.diana-fisher.FlicksUITests";
				PRODUCT_NAME = "$(TARGET_NAME)";
				SWIFT_VERSION = 3.0;
				TEST_TARGET_NAME = Flicks;
			};
			name = Release;
		};
/* End XCBuildConfiguration section */

/* Begin XCConfigurationList section */
		DFF1E09C1F688C8C00CF099F /* Build configuration list for PBXProject "Flicks" */ = {
			isa = XCConfigurationList;
			buildConfigurations = (
				DFF1E0C71F688C8C00CF099F /* Debug */,
				DFF1E0C81F688C8C00CF099F /* Release */,
			);
			defaultConfigurationIsVisible = 0;
			defaultConfigurationName = Release;
		};
		DFF1E0C91F688C8C00CF099F /* Build configuration list for PBXNativeTarget "Flicks" */ = {
			isa = XCConfigurationList;
			buildConfigurations = (
				DFF1E0CA1F688C8C00CF099F /* Debug */,
				DFF1E0CB1F688C8C00CF099F /* Release */,
			);
			defaultConfigurationIsVisible = 0;
		};
		DFF1E0CC1F688C8C00CF099F /* Build configuration list for PBXNativeTarget "FlicksTests" */ = {
			isa = XCConfigurationList;
			buildConfigurations = (
				DFF1E0CD1F688C8C00CF099F /* Debug */,
				DFF1E0CE1F688C8C00CF099F /* Release */,
			);
			defaultConfigurationIsVisible = 0;
		};
		DFF1E0CF1F688C8C00CF099F /* Build configuration list for PBXNativeTarget "FlicksUITests" */ = {
			isa = XCConfigurationList;
			buildConfigurations = (
				DFF1E0D01F688C8C00CF099F /* Debug */,
				DFF1E0D11F688C8C00CF099F /* Release */,
			);
			defaultConfigurationIsVisible = 0;
		};
/* End XCConfigurationList section */
	};
	rootObject = DFF1E0991F688C8C00CF099F /* Project object */;
}
